
Microsoft Visual Studio Solution File, Format Version 12.00
# Visual Studio 15
VisualStudioVersion = 15.0.27703.2047
MinimumVisualStudioVersion = 10.0.40219.1
Project("{FAE04EC0-301F-11D3-BF4B-00C04F79EFBC}") = "ProductsApp", "ProductsApp\ProductsApp.csproj", "{9E01FD30-C26A-4C69-8E97-8ADA91BC7493}"
EndProject
Global
	GlobalSection(SolutionConfigurationPlatforms) = preSolution
		Debug|Any CPU = Debug|Any CPU
		Release|Any CPU = Release|Any CPU
	EndGlobalSection
	GlobalSection(ProjectConfigurationPlatforms) = postSolution
		{9E01FD30-C26A-4C69-8E97-8ADA91BC7493}.Debug|Any CPU.ActiveCfg = Debug|Any CPU
		{9E01FD30-C26A-4C69-8E97-8ADA91BC7493}.Debug|Any CPU.Build.0 = Debug|Any CPU
		{9E01FD30-C26A-4C69-8E97-8ADA91BC7493}.Release|Any CPU.ActiveCfg = Release|Any CPU
		{9E01FD30-C26A-4C69-8E97-8ADA91BC7493}.Release|Any CPU.Build.0 = Release|Any CPU
	EndGlobalSection
	GlobalSection(SolutionProperties) = preSolution
		HideSolutionNode = FALSE
	EndGlobalSection
	GlobalSection(ExtensibilityGlobals) = postSolution
		SolutionGuid = {BA57D7BF-6293-4DA6-93C9-40368DAF4D3B}
	EndGlobalSection
EndGlobal
